
Microsoft Visual Studio Solution File, Format Version 12.00
# Visual Studio Version 17
VisualStudioVersion = 17.4.33213.308
MinimumVisualStudioVersion = 10.0.40219.1
Project("{FAE04EC0-301F-11D3-BF4B-00C04F79EFBC}") = "Otel", "Otel\Otel.csproj", "{3C045721-8FAF-4A70-BE6C-17F7C461A5E4}"
EndProject
Global
	GlobalSection(SolutionConfigurationPlatforms) = preSolution
		Debug|Any CPU = Debug|Any CPU
		Release|Any CPU = Release|Any CPU
	EndGlobalSection
	GlobalSection(ProjectConfigurationPlatforms) = postSolution
		{3C045721-8FAF-4A70-BE6C-17F7C461A5E4}.Debug|Any CPU.ActiveCfg = Debug|Any CPU
		{3C045721-8FAF-4A70-BE6C-17F7C461A5E4}.Debug|Any CPU.Build.0 = Debug|Any CPU
		{3C045721-8FAF-4A70-BE6C-17F7C461A5E4}.Release|Any CPU.ActiveCfg = Release|Any CPU
		{3C045721-8FAF-4A70-BE6C-17F7C461A5E4}.Release|Any CPU.Build.0 = Release|Any CPU
	EndGlobalSection
	GlobalSection(SolutionProperties) = preSolution
		HideSolutionNode = FALSE
	EndGlobalSection
	GlobalSection(ExtensibilityGlobals) = postSolution
		SolutionGuid = {3C6CC3AA-32C6-4413-8453-A1F01FDB4673}
	EndGlobalSection
EndGlobal
